// !$*UTF8*$!
{
	archiveVersion = 1;
	classes = {
	};
	objectVersion = 48;
	objects = {

/* Begin PBXBuildFile section */
		685FC1D7201D12D600B3AA9E /* AppDelegate.swift in Sources */ = {isa = PBXBuildFile; fileRef = 685FC1D6201D12D600B3AA9E /* AppDelegate.swift */; };
		685FC1D9201D12D600B3AA9E /* ViewController.swift in Sources */ = {isa = PBXBuildFile; fileRef = 685FC1D8201D12D600B3AA9E /* ViewController.swift */; };
		685FC1DC201D12D600B3AA9E /* Main.storyboard in Resources */ = {isa = PBXBuildFile; fileRef = 685FC1DA201D12D600B3AA9E /* Main.storyboard */; };
		685FC1DE201D12D600B3AA9E /* Assets.xcassets in Resources */ = {isa = PBXBuildFile; fileRef = 685FC1DD201D12D600B3AA9E /* Assets.xcassets */; };
		685FC1E1201D12D600B3AA9E /* LaunchScreen.storyboard in Resources */ = {isa = PBXBuildFile; fileRef = 685FC1DF201D12D600B3AA9E /* LaunchScreen.storyboard */; };
		685FC1EC201D12D600B3AA9E /* TestTheCodeUITests.swift in Sources */ = {isa = PBXBuildFile; fileRef = 685FC1EB201D12D600B3AA9E /* TestTheCodeUITests.swift */; };
/* End PBXBuildFile section */

/* Begin PBXContainerItemProxy section */
		685FC1E8201D12D600B3AA9E /* PBXContainerItemProxy */ = {
			isa = PBXContainerItemProxy;
			containerPortal = 685FC1CB201D12D600B3AA9E /* Project object */;
			proxyType = 1;
			remoteGlobalIDString = 685FC1D2201D12D600B3AA9E;
			remoteInfo = TestTheCode;
		};
/* End PBXContainerItemProxy section */

/* Begin PBXFileReference section */
		685FC1D3201D12D600B3AA9E /* TestTheCode.app */ = {isa = PBXFileReference; explicitFileType = wrapper.application; includeInIndex = 0; path = TestTheCode.app; sourceTree = BUILT_PRODUCTS_DIR; };
		685FC1D6201D12D600B3AA9E /* AppDelegate.swift */ = {isa = PBXFileReference; lastKnownFileType = sourcecode.swift; path = AppDelegate.swift; sourceTree = "<group>"; };
		685FC1D8201D12D600B3AA9E /* ViewController.swift */ = {isa = PBXFileReference; lastKnownFileType = sourcecode.swift; path = ViewController.swift; sourceTree = "<group>"; };
		685FC1DB201D12D600B3AA9E /* Base */ = {isa = PBXFileReference; lastKnownFileType = file.storyboard; name = Base; path = Base.lproj/Main.storyboard; sourceTree = "<group>"; };
		685FC1DD201D12D600B3AA9E /* Assets.xcassets */ = {isa = PBXFileReference; lastKnownFileType = folder.assetcatalog; path = Assets.xcassets; sourceTree = "<group>"; };
		685FC1E0201D12D600B3AA9E /* Base */ = {isa = PBXFileReference; lastKnownFileType = file.storyboard; name = Base; path = Base.lproj/LaunchScreen.storyboard; sourceTree = "<group>"; };
		685FC1E2201D12D600B3AA9E /* Info.plist */ = {isa = PBXFileReference; lastKnownFileType = text.plist.xml; path = Info.plist; sourceTree = "<group>"; };
		685FC1E7201D12D600B3AA9E /* TestTheCodeUITests.xctest */ = {isa = PBXFileReference; explicitFileType = wrapper.cfbundle; includeInIndex = 0; path = TestTheCodeUITests.xctest; sourceTree = BUILT_PRODUCTS_DIR; };
		685FC1EB201D12D600B3AA9E /* TestTheCodeUITests.swift */ = {isa = PBXFileReference; lastKnownFileType = sourcecode.swift; path = TestTheCodeUITests.swift; sourceTree = "<group>"; };
		685FC1ED201D12D600B3AA9E /* Info.plist */ = {isa = PBXFileReference; lastKnownFileType = text.plist.xml; path = Info.plist; sourceTree = "<group>"; };
/* End PBXFileReference section */

/* Begin PBXFrameworksBuildPhase section */
		685FC1D0201D12D600B3AA9E /* Frameworks */ = {
			isa = PBXFrameworksBuildPhase;
			buildActionMask = 2147483647;
			files = (
			);
			runOnlyForDeploymentPostprocessing = 0;
		};
		685FC1E4201D12D600B3AA9E /* Frameworks */ = {
			isa = PBXFrameworksBuildPhase;
			buildActionMask = 2147483647;
			files = (
			);
			runOnlyForDeploymentPostprocessing = 0;
		};
/* End PBXFrameworksBuildPhase section */

/* Begin PBXGroup section */
		685FC1CA201D12D600B3AA9E = {
			isa = PBXGroup;
			children = (
				685FC1D5201D12D600B3AA9E /* TestTheCode */,
				685FC1EA201D12D600B3AA9E /* TestTheCodeUITests */,
				685FC1D4201D12D600B3AA9E /* Products */,
			);
			sourceTree = "<group>";
		};
		685FC1D4201D12D600B3AA9E /* Products */ = {
			isa = PBXGroup;
			children = (
				685FC1D3201D12D600B3AA9E /* TestTheCode.app */,
				685FC1E7201D12D600B3AA9E /* TestTheCodeUITests.xctest */,
			);
			name = Products;
			sourceTree = "<group>";
		};
		685FC1D5201D12D600B3AA9E /* TestTheCode */ = {
			isa = PBXGroup;
			children = (
				685FC1D6201D12D600B3AA9E /* AppDelegate.swift */,
				685FC1D8201D12D600B3AA9E /* ViewController.swift */,
				685FC1DA201D12D600B3AA9E /* Main.storyboard */,
				685FC1DD201D12D600B3AA9E /* Assets.xcassets */,
				685FC1DF201D12D600B3AA9E /* LaunchScreen.storyboard */,
				685FC1E2201D12D600B3AA9E /* Info.plist */,
			);
			path = TestTheCode;
			sourceTree = "<group>";
		};
		685FC1EA201D12D600B3AA9E /* TestTheCodeUITests */ = {
			isa = PBXGroup;
			children = (
				685FC1EB201D12D600B3AA9E /* TestTheCodeUITests.swift */,
				685FC1ED201D12D600B3AA9E /* Info.plist */,
			);
			path = TestTheCodeUITests;
			sourceTree = "<group>";
		};
/* End PBXGroup section */

/* Begin PBXNativeTarget section */
		685FC1D2201D12D600B3AA9E /* TestTheCode */ = {
			isa = PBXNativeTarget;
			buildConfigurationList = 685FC1F0201D12D600B3AA9E /* Build configuration list for PBXNativeTarget "TestTheCode" */;
			buildPhases = (
				685FC1CF201D12D600B3AA9E /* Sources */,
				685FC1D0201D12D600B3AA9E /* Frameworks */,
				685FC1D1201D12D600B3AA9E /* Resources */,
			);
			buildRules = (
			);
			dependencies = (
			);
			name = TestTheCode;
			productName = TestTheCode;
			productReference = 685FC1D3201D12D600B3AA9E /* TestTheCode.app */;
			productType = "com.apple.product-type.application";
		};
		685FC1E6201D12D600B3AA9E /* TestTheCodeUITests */ = {
			isa = PBXNativeTarget;
			buildConfigurationList = 685FC1F3201D12D600B3AA9E /* Build configuration list for PBXNativeTarget "TestTheCodeUITests" */;
			buildPhases = (
				685FC1E3201D12D600B3AA9E /* Sources */,
				685FC1E4201D12D600B3AA9E /* Frameworks */,
				685FC1E5201D12D600B3AA9E /* Resources */,
			);
			buildRules = (
			);
			dependencies = (
				685FC1E9201D12D600B3AA9E /* PBXTargetDependency */,
			);
			name = TestTheCodeUITests;
			productName = TestTheCodeUITests;
			productReference = 685FC1E7201D12D600B3AA9E /* TestTheCodeUITests.xctest */;
			productType = "com.apple.product-type.bundle.ui-testing";
		};
/* End PBXNativeTarget section */

/* Begin PBXProject section */
		685FC1CB201D12D600B3AA9E /* Project object */ = {
			isa = PBXProject;
			attributes = {
				LastSwiftUpdateCheck = 0910;
				LastUpgradeCheck = 0910;
				ORGANIZATIONNAME = "Douglas MacbookPro";
				TargetAttributes = {
					685FC1D2201D12D600B3AA9E = {
						CreatedOnToolsVersion = 9.1;
						ProvisioningStyle = Automatic;
					};
					685FC1E6201D12D600B3AA9E = {
						CreatedOnToolsVersion = 9.1;
						ProvisioningStyle = Automatic;
						TestTargetID = 685FC1D2201D12D600B3AA9E;
					};
				};
			};
			buildConfigurationList = 685FC1CE201D12D600B3AA9E /* Build configuration list for PBXProject "TestTheCode" */;
			compatibilityVersion = "Xcode 8.0";
			developmentRegion = en;
			hasScannedForEncodings = 0;
			knownRegions = (
				en,
				Base,
			);
			mainGroup = 685FC1CA201D12D600B3AA9E;
			productRefGroup = 685FC1D4201D12D600B3AA9E /* Products */;
			projectDirPath = "";
			projectRoot = "";
			targets = (
				685FC1D2201D12D600B3AA9E /* TestTheCode */,
				685FC1E6201D12D600B3AA9E /* TestTheCodeUITests */,
			);
		};
/* End PBXProject section */

/* Begin PBXResourcesBuildPhase section */
		685FC1D1201D12D600B3AA9E /* Resources */ = {
			isa = PBXResourcesBuildPhase;
			buildActionMask = 2147483647;
			files = (
				685FC1E1201D12D600B3AA9E /* LaunchScreen.storyboard in Resources */,
				685FC1DE201D12D600B3AA9E /* Assets.xcassets in Resources */,
				685FC1DC201D12D600B3AA9E /* Main.storyboard in Resources */,
			);
			runOnlyForDeploymentPostprocessing = 0;
		};
		685FC1E5201D12D600B3AA9E /* Resources */ = {
			isa = PBXResourcesBuildPhase;
			buildActionMask = 2147483647;
			files = (
			);
			runOnlyForDeploymentPostprocessing = 0;
		};
/* End PBXResourcesBuildPhase section */

/* Begin PBXSourcesBuildPhase section */
		685FC1CF201D12D600B3AA9E /* Sources */ = {
			isa = PBXSourcesBuildPhase;
			buildActionMask = 2147483647;
			files = (
				685FC1D9201D12D600B3AA9E /* ViewController.swift in Sources */,
				685FC1D7201D12D600B3AA9E /* AppDelegate.swift in Sources */,
			);
			runOnlyForDeploymentPostprocessing = 0;
		};
		685FC1E3201D12D600B3AA9E /* Sources */ = {
			isa = PBXSourcesBuildPhase;
			buildActionMask = 2147483647;
			files = (
				685FC1EC201D12D600B3AA9E /* TestTheCodeUITests.swift in Sources */,
			);
			runOnlyForDeploymentPostprocessing = 0;
		};
/* End PBXSourcesBuildPhase section */

/* Begin PBXTargetDependency section */
		685FC1E9201D12D600B3AA9E /* PBXTargetDependency */ = {
			isa = PBXTargetDependency;
			target = 685FC1D2201D12D600B3AA9E /* TestTheCode */;
			targetProxy = 685FC1E8201D12D600B3AA9E /* PBXContainerItemProxy */;
		};
/* End PBXTargetDependency section */

/* Begin PBXVariantGroup section */
		685FC1DA201D12D600B3AA9E /* Main.storyboard */ = {
			isa = PBXVariantGroup;
			children = (
				685FC1DB201D12D600B3AA9E /* Base */,
			);
			name = Main.storyboard;
			sourceTree = "<group>";
		};
		685FC1DF201D12D600B3AA9E /* LaunchScreen.storyboard */ = {
			isa = PBXVariantGroup;
			children = (
				685FC1E0201D12D600B3AA9E /* Base */,
			);
			name = LaunchScreen.storyboard;
			sourceTree = "<group>";
		};
/* End PBXVariantGroup section */

/* Begin XCBuildConfiguration section */
		685FC1EE201D12D600B3AA9E /* Debug */ = {
			isa = XCBuildConfiguration;
			buildSettings = {
				ALWAYS_SEARCH_USER_PATHS = NO;
				CLANG_ANALYZER_NONNULL = YES;
				CLANG_ANALYZER_NUMBER_OBJECT_CONVERSION = YES_AGGRESSIVE;
				CLANG_CXX_LANGUAGE_STANDARD = "gnu++14";
				CLANG_CXX_LIBRARY = "libc++";
				CLANG_ENABLE_MODULES = YES;
				CLANG_ENABLE_OBJC_ARC = YES;
				CLANG_WARN_BLOCK_CAPTURE_AUTORELEASING = YES;
				CLANG_WARN_BOOL_CONVERSION = YES;
				CLANG_WARN_COMMA = YES;
				CLANG_WARN_CONSTANT_CONVERSION = YES;
				CLANG_WARN_DIRECT_OBJC_ISA_USAGE = YES_ERROR;
				CLANG_WARN_DOCUMENTATION_COMMENTS = YES;
				CLANG_WARN_EMPTY_BODY = YES;
				CLANG_WARN_ENUM_CONVERSION = YES;
				CLANG_WARN_INFINITE_RECURSION = YES;
				CLANG_WARN_INT_CONVERSION = YES;
				CLANG_WARN_NON_LITERAL_NULL_CONVERSION = YES;
				CLANG_WARN_OBJC_LITERAL_CONVERSION = YES;
				CLANG_WARN_OBJC_ROOT_CLASS = YES_ERROR;
				CLANG_WARN_RANGE_LOOP_ANALYSIS = YES;
				CLANG_WARN_STRICT_PROTOTYPES = YES;
				CLANG_WARN_SUSPICIOUS_MOVE = YES;
				CLANG_WARN_UNGUARDED_AVAILABILITY = YES_AGGRESSIVE;
				CLANG_WARN_UNREACHABLE_CODE = YES;
				CLANG_WARN__DUPLICATE_METHOD_MATCH = YES;
				CODE_SIGN_IDENTITY = "iPhone Developer";
				COPY_PHASE_STRIP = NO;
				DEBUG_INFORMATION_FORMAT = dwarf;
				ENABLE_STRICT_OBJC_MSGSEND = YES;
				ENABLE_TESTABILITY = YES;
				GCC_C_LANGUAGE_STANDARD = gnu11;
				GCC_DYNAMIC_NO_PIC = NO;
				GCC_NO_COMMON_BLOCKS = YES;
				GCC_OPTIMIZATION_LEVEL = 0;
				GCC_PREPROCESSOR_DEFINITIONS = (
					"DEBUG=1",
					"$(inherited)",
				);
				GCC_WARN_64_TO_32_BIT_CONVERSION = YES;
				GCC_WARN_ABOUT_RETURN_TYPE = YES_ERROR;
				GCC_WARN_UNDECLARED_SELECTOR = YES;
				GCC_WARN_UNINITIALIZED_AUTOS = YES_AGGRESSIVE;
				GCC_WARN_UNUSED_FUNCTION = YES;
				GCC_WARN_UNUSED_VARIABLE = YES;
				IPHONEOS_DEPLOYMENT_TARGET = 11.1;
				MTL_ENABLE_DEBUG_INFO = YES;
				ONLY_ACTIVE_ARCH = YES;
				SDKROOT = iphoneos;
				SWIFT_ACTIVE_COMPILATION_CONDITIONS = DEBUG;
				SWIFT_OPTIMIZATION_LEVEL = "-Onone";
			};
			name = Debug;
		};
		685FC1EF201D12D600B3AA9E /* Release */ = {
			isa = XCBuildConfiguration;
			buildSettings = {
				ALWAYS_SEARCH_USER_PATHS = NO;
				CLANG_ANALYZER_NONNULL = YES;
				CLANG_ANALYZER_NUMBER_OBJECT_CONVERSION = YES_AGGRESSIVE;
				CLANG_CXX_LANGUAGE_STANDARD = "gnu++14";
				CLANG_CXX_LIBRARY = "libc++";
				CLANG_ENABLE_MODULES = YES;
				CLANG_ENABLE_OBJC_ARC = YES;
				CLANG_WARN_BLOCK_CAPTURE_AUTORELEASING = YES;
				CLANG_WARN_BOOL_CONVERSION = YES;
				CLANG_WARN_COMMA = YES;
				CLANG_WARN_CONSTANT_CONVERSION = YES;
				CLANG_WARN_DIRECT_OBJC_ISA_USAGE = YES_ERROR;
				CLANG_WARN_DOCUMENTATION_COMMENTS = YES;
				CLANG_WARN_EMPTY_BODY = YES;
				CLANG_WARN_ENUM_CONVERSION = YES;
				CLANG_WARN_INFINITE_RECURSION = YES;
				CLANG_WARN_INT_CONVERSION = YES;
				CLANG_WARN_NON_LITERAL_NULL_CONVERSION = YES;
				CLANG_WARN_OBJC_LITERAL_CONVERSION = YES;
				CLANG_WARN_OBJC_ROOT_CLASS = YES_ERROR;
				CLANG_WARN_RANGE_LOOP_ANALYSIS = YES;
				CLANG_WARN_STRICT_PROTOTYPES = YES;
				CLANG_WARN_SUSPICIOUS_MOVE = YES;
				CLANG_WARN_UNGUARDED_AVAILABILITY = YES_AGGRESSIVE;
				CLANG_WARN_UNREACHABLE_CODE = YES;
				CLANG_WARN__DUPLICATE_METHOD_MATCH = YES;
				CODE_SIGN_IDENTITY = "iPhone Developer";
				COPY_PHASE_STRIP = NO;
				DEBUG_INFORMATION_FORMAT = "dwarf-with-dsym";
				ENABLE_NS_ASSERTIONS = NO;
				ENABLE_STRICT_OBJC_MSGSEND = YES;
				GCC_C_LANGUAGE_STANDARD = gnu11;
				GCC_NO_COMMON_BLOCKS = YES;
				GCC_WARN_64_TO_32_BIT_CONVERSION = YES;
				GCC_WARN_ABOUT_RETURN_TYPE = YES_ERROR;
				GCC_WARN_UNDECLARED_SELECTOR = YES;
				GCC_WARN_UNINITIALIZED_AUTOS = YES_AGGRESSIVE;
				GCC_WARN_UNUSED_FUNCTION = YES;
				GCC_WARN_UNUSED_VARIABLE = YES;
				IPHONEOS_DEPLOYMENT_TARGET = 11.1;
				MTL_ENABLE_DEBUG_INFO = NO;
				SDKROOT = iphoneos;
				SWIFT_OPTIMIZATION_LEVEL = "-Owholemodule";
				VALIDATE_PRODUCT = YES;
			};
			name = Release;
		};
		685FC1F1201D12D600B3AA9E /* Debug */ = {
			isa = XCBuildConfiguration;
			buildSettings = {
				ASSETCATALOG_COMPILER_APPICON_NAME = AppIcon;
				CODE_SIGN_STYLE = Automatic;
				DEVELOPMENT_TEAM = 6P29MLAXD8;
				INFOPLIST_FILE = TestTheCode/Info.plist;
				LD_RUNPATH_SEARCH_PATHS = "$(inherited) @executable_path/Frameworks";
				PRODUCT_BUNDLE_IDENTIFIER = com.douglassilva.TestTheCode;
				PRODUCT_NAME = "$(TARGET_NAME)";
				SWIFT_VERSION = 4.0;
				TARGETED_DEVICE_FAMILY = "1,2";
			};
			name = Debug;
		};
		685FC1F2201D12D600B3AA9E /* Release */ = {
			isa = XCBuildConfiguration;
			buildSettings = {
				ASSETCATALOG_COMPILER_APPICON_NAME = AppIcon;
				CODE_SIGN_STYLE = Automatic;
				DEVELOPMENT_TEAM = 6P29MLAXD8;
				INFOPLIST_FILE = TestTheCode/Info.plist;
				LD_RUNPATH_SEARCH_PATHS = "$(inherited) @executable_path/Frameworks";
				PRODUCT_BUNDLE_IDENTIFIER = com.douglassilva.TestTheCode;
				PRODUCT_NAME = "$(TARGET_NAME)";
				SWIFT_VERSION = 4.0;
				TARGETED_DEVICE_FAMILY = "1,2";
			};
			name = Release;
		};
		685FC1F4201D12D600B3AA9E /* Debug */ = {
			isa = XCBuildConfiguration;
			buildSettings = {
				ALWAYS_EMBED_SWIFT_STANDARD_LIBRARIES = YES;
				CODE_SIGN_STYLE = Automatic;
				DEVELOPMENT_TEAM = 6P29MLAXD8;
				INFOPLIST_FILE = TestTheCodeUITests/Info.plist;
				LD_RUNPATH_SEARCH_PATHS = "$(inherited) @executable_path/Frameworks @loader_path/Frameworks";
				PRODUCT_BUNDLE_IDENTIFIER = com.douglassilva.TestTheCodeUITests;
				PRODUCT_NAME = "$(TARGET_NAME)";
				SWIFT_VERSION = 4.0;
				TARGETED_DEVICE_FAMILY = "1,2";
				TEST_TARGET_NAME = TestTheCode;
			};
			name = Debug;
		};
		685FC1F5201D12D600B3AA9E /* Release */ = {
			isa = XCBuildConfiguration;
			buildSettings = {
				ALWAYS_EMBED_SWIFT_STANDARD_LIBRARIES = YES;
				CODE_SIGN_STYLE = Automatic;
				DEVELOPMENT_TEAM = 6P29MLAXD8;
				INFOPLIST_FILE = TestTheCodeUITests/Info.plist;
				LD_RUNPATH_SEARCH_PATHS = "$(inherited) @executable_path/Frameworks @loader_path/Frameworks";
				PRODUCT_BUNDLE_IDENTIFIER = com.douglassilva.TestTheCodeUITests;
				PRODUCT_NAME = "$(TARGET_NAME)";
				SWIFT_VERSION = 4.0;
				TARGETED_DEVICE_FAMILY = "1,2";
				TEST_TARGET_NAME = TestTheCode;
			};
			name = Release;
		};
/* End XCBuildConfiguration section */

/* Begin XCConfigurationList section */
		685FC1CE201D12D600B3AA9E /* Build configuration list for PBXProject "TestTheCode" */ = {
			isa = XCConfigurationList;
			buildConfigurations = (
				685FC1EE201D12D600B3AA9E /* Debug */,
				685FC1EF201D12D600B3AA9E /* Release */,
			);
			defaultConfigurationIsVisible = 0;
			defaultConfigurationName = Release;
		};
		685FC1F0201D12D600B3AA9E /* Build configuration list for PBXNativeTarget "TestTheCode" */ = {
			isa = XCConfigurationList;
			buildConfigurations = (
				685FC1F1201D12D600B3AA9E /* Debug */,
				685FC1F2201D12D600B3AA9E /* Release */,
			);
			defaultConfigurationIsVisible = 0;
			defaultConfigurationName = Release;
		};
		685FC1F3201D12D600B3AA9E /* Build configuration list for PBXNativeTarget "TestTheCodeUITests" */ = {
			isa = XCConfigurationList;
			buildConfigurations = (
				685FC1F4201D12D600B3AA9E /* Debug */,
				685FC1F5201D12D600B3AA9E /* Release */,
			);
			defaultConfigurationIsVisible = 0;
			defaultConfigurationName = Release;
		};
/* End XCConfigurationList section */
	};
	rootObject = 685FC1CB201D12D600B3AA9E /* Project object */;
}
